
Microsoft Visual Studio Solution File, Format Version 12.00
# Visual Studio Version 16
VisualStudioVersion = 16.0.30011.22
MinimumVisualStudioVersion = 10.0.40219.1
Project("{F184B08F-C81C-45F6-A57F-5ABD9991F28F}") = "method2", "method2\method2.vbproj", "{1F02B653-5196-485F-A8EE-2E6D95A19B45}"
EndProject
Global
	GlobalSection(SolutionConfigurationPlatforms) = preSolution
		Debug|Any CPU = Debug|Any CPU
		Release|Any CPU = Release|Any CPU
	EndGlobalSection
	GlobalSection(ProjectConfigurationPlatforms) = postSolution
		{1F02B653-5196-485F-A8EE-2E6D95A19B45}.Debug|Any CPU.ActiveCfg = Debug|Any CPU
		{1F02B653-5196-485F-A8EE-2E6D95A19B45}.Debug|Any CPU.Build.0 = Debug|Any CPU
		{1F02B653-5196-485F-A8EE-2E6D95A19B45}.Release|Any CPU.ActiveCfg = Release|Any CPU
		{1F02B653-5196-485F-A8EE-2E6D95A19B45}.Release|Any CPU.Build.0 = Release|Any CPU
	EndGlobalSection
	GlobalSection(SolutionProperties) = preSolution
		HideSolutionNode = FALSE
	EndGlobalSection
	GlobalSection(ExtensibilityGlobals) = postSolution
		SolutionGuid = {F719792E-BCEA-46C2-B249-FB13FC3E4524}
	EndGlobalSection
EndGlobal
